
Microsoft Visual Studio Solution File, Format Version 12.00
# Visual Studio Version 16
VisualStudioVersion = 16.0.31515.178
MinimumVisualStudioVersion = 10.0.40219.1
Project("{FAE04EC0-301F-11D3-BF4B-00C04F79EFBC}") = "FIT5032_MyFirstAPI", "FIT5032_MyFirstAPI\FIT5032_MyFirstAPI.csproj", "{580B1919-62DB-4DD1-9187-6182E1E39152}"
EndProject
Global
	GlobalSection(SolutionConfigurationPlatforms) = preSolution
		Debug|Any CPU = Debug|Any CPU
		Release|Any CPU = Release|Any CPU
	EndGlobalSection
	GlobalSection(ProjectConfigurationPlatforms) = postSolution
		{580B1919-62DB-4DD1-9187-6182E1E39152}.Debug|Any CPU.ActiveCfg = Debug|Any CPU
		{580B1919-62DB-4DD1-9187-6182E1E39152}.Debug|Any CPU.Build.0 = Debug|Any CPU
		{580B1919-62DB-4DD1-9187-6182E1E39152}.Release|Any CPU.ActiveCfg = Release|Any CPU
		{580B1919-62DB-4DD1-9187-6182E1E39152}.Release|Any CPU.Build.0 = Release|Any CPU
	EndGlobalSection
	GlobalSection(SolutionProperties) = preSolution
		HideSolutionNode = FALSE
	EndGlobalSection
	GlobalSection(ExtensibilityGlobals) = postSolution
		SolutionGuid = {967C1DAE-65E4-43BD-B56A-2F7661138D6B}
	EndGlobalSection
EndGlobal
